
Microsoft Visual Studio Solution File, Format Version 12.00
# Visual Studio Version 16
VisualStudioVersion = 16.0.31410.357
MinimumVisualStudioVersion = 10.0.40219.1
Project("{FAE04EC0-301F-11D3-BF4B-00C04F79EFBC}") = "TestAppABTest", "TestAppABTest\TestAppABTest.csproj", "{5529F616-DE9B-4B0F-953C-CCFC38F2A417}"
EndProject
Global
	GlobalSection(SolutionConfigurationPlatforms) = preSolution
		Debug|Any CPU = Debug|Any CPU
		Release|Any CPU = Release|Any CPU
	EndGlobalSection
	GlobalSection(ProjectConfigurationPlatforms) = postSolution
		{5529F616-DE9B-4B0F-953C-CCFC38F2A417}.Debug|Any CPU.ActiveCfg = Debug|Any CPU
		{5529F616-DE9B-4B0F-953C-CCFC38F2A417}.Debug|Any CPU.Build.0 = Debug|Any CPU
		{5529F616-DE9B-4B0F-953C-CCFC38F2A417}.Release|Any CPU.ActiveCfg = Release|Any CPU
		{5529F616-DE9B-4B0F-953C-CCFC38F2A417}.Release|Any CPU.Build.0 = Release|Any CPU
	EndGlobalSection
	GlobalSection(SolutionProperties) = preSolution
		HideSolutionNode = FALSE
	EndGlobalSection
	GlobalSection(ExtensibilityGlobals) = postSolution
		SolutionGuid = {7E618552-422E-42D1-A844-5E2E9A50616A}
	EndGlobalSection
EndGlobal
